
Microsoft Visual Studio Solution File, Format Version 12.00
# Visual Studio Version 16
VisualStudioVersion = 16.0.31702.278
MinimumVisualStudioVersion = 10.0.40219.1
Project("{FAE04EC0-301F-11D3-BF4B-00C04F79EFBC}") = "Zadanie18", "Zadanie18.csproj", "{F7383C95-0FAA-4165-A57F-502C3F3011B8}"
EndProject
Global
	GlobalSection(SolutionConfigurationPlatforms) = preSolution
		Debug|Any CPU = Debug|Any CPU
		Release|Any CPU = Release|Any CPU
	EndGlobalSection
	GlobalSection(ProjectConfigurationPlatforms) = postSolution
		{F7383C95-0FAA-4165-A57F-502C3F3011B8}.Debug|Any CPU.ActiveCfg = Debug|Any CPU
		{F7383C95-0FAA-4165-A57F-502C3F3011B8}.Debug|Any CPU.Build.0 = Debug|Any CPU
		{F7383C95-0FAA-4165-A57F-502C3F3011B8}.Release|Any CPU.ActiveCfg = Release|Any CPU
		{F7383C95-0FAA-4165-A57F-502C3F3011B8}.Release|Any CPU.Build.0 = Release|Any CPU
	EndGlobalSection
	GlobalSection(SolutionProperties) = preSolution
		HideSolutionNode = FALSE
	EndGlobalSection
	GlobalSection(ExtensibilityGlobals) = postSolution
		SolutionGuid = {5B4F371E-07AE-40D1-874D-7288CFB2D4A0}
	EndGlobalSection
EndGlobal
